// !$*UTF8*$!
{
	archiveVersion = 1;
	classes = {
	};
	objectVersion = 46;
	objects = {

/* Begin PBXBuildFile section */
		0A31D38D15D926D000EE6A97 /* Cocoa.framework in Frameworks */ = {isa = PBXBuildFile; fileRef = 0A31D38C15D926D000EE6A97 /* Cocoa.framework */; };
		0A31D39715D926D000EE6A97 /* InfoPlist.strings in Resources */ = {isa = PBXBuildFile; fileRef = 0A31D39515D926D000EE6A97 /* InfoPlist.strings */; };
		0A31D39915D926D000EE6A97 /* main.m in Sources */ = {isa = PBXBuildFile; fileRef = 0A31D39815D926D000EE6A97 /* main.m */; };
		0A31D39D15D926D000EE6A97 /* Credits.rtf in Resources */ = {isa = PBXBuildFile; fileRef = 0A31D39B15D926D000EE6A97 /* Credits.rtf */; };
		0A31D3AC15D926ED00EE6A97 /* MainMenu.xib in Resources */ = {isa = PBXBuildFile; fileRef = 0A31D3A915D926ED00EE6A97 /* MainMenu.xib */; };
		0A31D3AD15D926ED00EE6A97 /* SimpleView.m in Sources */ = {isa = PBXBuildFile; fileRef = 0A31D3AB15D926ED00EE6A97 /* SimpleView.m */; };
		0A31D3AF15D92AD400EE6A97 /* QuartzCore.framework in Frameworks */ = {isa = PBXBuildFile; fileRef = 0A31D3AE15D92AD400EE6A97 /* QuartzCore.framework */; };
/* End PBXBuildFile section */

/* Begin PBXFileReference section */
		0A31D38815D926D000EE6A97 /* AdditiveBounds.app */ = {isa = PBXFileReference; explicitFileType = wrapper.application; includeInIndex = 0; path = AdditiveBounds.app; sourceTree = BUILT_PRODUCTS_DIR; };
		0A31D38C15D926D000EE6A97 /* Cocoa.framework */ = {isa = PBXFileReference; lastKnownFileType = wrapper.framework; name = Cocoa.framework; path = System/Library/Frameworks/Cocoa.framework; sourceTree = SDKROOT; };
		0A31D38F15D926D000EE6A97 /* AppKit.framework */ = {isa = PBXFileReference; lastKnownFileType = wrapper.framework; name = AppKit.framework; path = System/Library/Frameworks/AppKit.framework; sourceTree = SDKROOT; };
		0A31D39015D926D000EE6A97 /* CoreData.framework */ = {isa = PBXFileReference; lastKnownFileType = wrapper.framework; name = CoreData.framework; path = System/Library/Frameworks/CoreData.framework; sourceTree = SDKROOT; };
		0A31D39115D926D000EE6A97 /* Foundation.framework */ = {isa = PBXFileReference; lastKnownFileType = wrapper.framework; name = Foundation.framework; path = System/Library/Frameworks/Foundation.framework; sourceTree = SDKROOT; };
		0A31D39415D926D000EE6A97 /* AdditiveBounds-Info.plist */ = {isa = PBXFileReference; lastKnownFileType = text.plist.xml; path = "AdditiveBounds-Info.plist"; sourceTree = "<group>"; };
		0A31D39615D926D000EE6A97 /* en */ = {isa = PBXFileReference; lastKnownFileType = text.plist.strings; name = en; path = en.lproj/InfoPlist.strings; sourceTree = "<group>"; };
		0A31D39815D926D000EE6A97 /* main.m */ = {isa = PBXFileReference; lastKnownFileType = sourcecode.c.objc; path = main.m; sourceTree = "<group>"; };
		0A31D39A15D926D000EE6A97 /* AdditiveBounds-Prefix.pch */ = {isa = PBXFileReference; lastKnownFileType = sourcecode.c.h; path = "AdditiveBounds-Prefix.pch"; sourceTree = "<group>"; };
		0A31D39C15D926D000EE6A97 /* en */ = {isa = PBXFileReference; lastKnownFileType = text.rtf; name = en; path = en.lproj/Credits.rtf; sourceTree = "<group>"; };
		0A31D3A915D926ED00EE6A97 /* MainMenu.xib */ = {isa = PBXFileReference; fileEncoding = 4; lastKnownFileType = file.xib; path = MainMenu.xib; sourceTree = "<group>"; };
		0A31D3AA15D926ED00EE6A97 /* SimpleView.h */ = {isa = PBXFileReference; fileEncoding = 4; lastKnownFileType = sourcecode.c.h; path = SimpleView.h; sourceTree = "<group>"; };
		0A31D3AB15D926ED00EE6A97 /* SimpleView.m */ = {isa = PBXFileReference; fileEncoding = 4; lastKnownFileType = sourcecode.c.objc; path = SimpleView.m; sourceTree = "<group>"; };
		0A31D3AE15D92AD400EE6A97 /* QuartzCore.framework */ = {isa = PBXFileReference; lastKnownFileType = wrapper.framework; name = QuartzCore.framework; path = ../../../../../../System/Library/Frameworks/QuartzCore.framework; sourceTree = "<group>"; };
/* End PBXFileReference section */

/* Begin PBXFrameworksBuildPhase section */
		0A31D38515D926D000EE6A97 /* Frameworks */ = {
			isa = PBXFrameworksBuildPhase;
			buildActionMask = 2147483647;
			files = (
				0A31D38D15D926D000EE6A97 /* Cocoa.framework in Frameworks */,
				0A31D3AF15D92AD400EE6A97 /* QuartzCore.framework in Frameworks */,
			);
			runOnlyForDeploymentPostprocessing = 0;
		};
/* End PBXFrameworksBuildPhase section */

/* Begin PBXGroup section */
		0A31D37D15D926D000EE6A97 = {
			isa = PBXGroup;
			children = (
				0A31D39215D926D000EE6A97 /* AdditiveBounds */,
				0A31D38B15D926D000EE6A97 /* Frameworks */,
				0A31D38915D926D000EE6A97 /* Products */,
			);
			sourceTree = "<group>";
		};
		0A31D38915D926D000EE6A97 /* Products */ = {
			isa = PBXGroup;
			children = (
				0A31D38815D926D000EE6A97 /* AdditiveBounds.app */,
			);
			name = Products;
			sourceTree = "<group>";
		};
		0A31D38B15D926D000EE6A97 /* Frameworks */ = {
			isa = PBXGroup;
			children = (
				0A31D3AE15D92AD400EE6A97 /* QuartzCore.framework */,
				0A31D38C15D926D000EE6A97 /* Cocoa.framework */,
				0A31D38E15D926D000EE6A97 /* Other Frameworks */,
			);
			name = Frameworks;
			sourceTree = "<group>";
		};
		0A31D38E15D926D000EE6A97 /* Other Frameworks */ = {
			isa = PBXGroup;
			children = (
				0A31D38F15D926D000EE6A97 /* AppKit.framework */,
				0A31D39015D926D000EE6A97 /* CoreData.framework */,
				0A31D39115D926D000EE6A97 /* Foundation.framework */,
			);
			name = "Other Frameworks";
			sourceTree = "<group>";
		};
		0A31D39215D926D000EE6A97 /* AdditiveBounds */ = {
			isa = PBXGroup;
			children = (
				0A31D3A915D926ED00EE6A97 /* MainMenu.xib */,
				0A31D3AA15D926ED00EE6A97 /* SimpleView.h */,
				0A31D3AB15D926ED00EE6A97 /* SimpleView.m */,
				0A31D39315D926D000EE6A97 /* Supporting Files */,
			);
			path = AdditiveBounds;
			sourceTree = "<group>";
		};
		0A31D39315D926D000EE6A97 /* Supporting Files */ = {
			isa = PBXGroup;
			children = (
				0A31D39415D926D000EE6A97 /* AdditiveBounds-Info.plist */,
				0A31D39515D926D000EE6A97 /* InfoPlist.strings */,
				0A31D39815D926D000EE6A97 /* main.m */,
				0A31D39A15D926D000EE6A97 /* AdditiveBounds-Prefix.pch */,
				0A31D39B15D926D000EE6A97 /* Credits.rtf */,
			);
			name = "Supporting Files";
			sourceTree = "<group>";
		};
/* End PBXGroup section */

/* Begin PBXNativeTarget section */
		0A31D38715D926D000EE6A97 /* AdditiveBounds */ = {
			isa = PBXNativeTarget;
			buildConfigurationList = 0A31D3A615D926D000EE6A97 /* Build configuration list for PBXNativeTarget "AdditiveBounds" */;
			buildPhases = (
				0A31D38415D926D000EE6A97 /* Sources */,
				0A31D38515D926D000EE6A97 /* Frameworks */,
				0A31D38615D926D000EE6A97 /* Resources */,
			);
			buildRules = (
			);
			dependencies = (
			);
			name = AdditiveBounds;
			productName = AdditiveBounds;
			productReference = 0A31D38815D926D000EE6A97 /* AdditiveBounds.app */;
			productType = "com.apple.product-type.application";
		};
/* End PBXNativeTarget section */

/* Begin PBXProject section */
		0A31D37F15D926D000EE6A97 /* Project object */ = {
			isa = PBXProject;
			attributes = {
				LastUpgradeCheck = 0440;
				ORGANIZATIONNAME = "Kevin Doughty";
			};
			buildConfigurationList = 0A31D38215D926D000EE6A97 /* Build configuration list for PBXProject "AdditiveBounds" */;
			compatibilityVersion = "Xcode 3.2";
			developmentRegion = English;
			hasScannedForEncodings = 0;
			knownRegions = (
				en,
			);
			mainGroup = 0A31D37D15D926D000EE6A97;
			productRefGroup = 0A31D38915D926D000EE6A97 /* Products */;
			projectDirPath = "";
			projectRoot = "";
			targets = (
				0A31D38715D926D000EE6A97 /* AdditiveBounds */,
			);
		};
/* End PBXProject section */

/* Begin PBXResourcesBuildPhase section */
		0A31D38615D926D000EE6A97 /* Resources */ = {
			isa = PBXResourcesBuildPhase;
			buildActionMask = 2147483647;
			files = (
				0A31D39715D926D000EE6A97 /* InfoPlist.strings in Resources */,
				0A31D39D15D926D000EE6A97 /* Credits.rtf in Resources */,
				0A31D3AC15D926ED00EE6A97 /* MainMenu.xib in Resources */,
			);
			runOnlyForDeploymentPostprocessing = 0;
		};
/* End PBXResourcesBuildPhase section */

/* Begin PBXSourcesBuildPhase section */
		0A31D38415D926D000EE6A97 /* Sources */ = {
			isa = PBXSourcesBuildPhase;
			buildActionMask = 2147483647;
			files = (
				0A31D39915D926D000EE6A97 /* main.m in Sources */,
				0A31D3AD15D926ED00EE6A97 /* SimpleView.m in Sources */,
			);
			runOnlyForDeploymentPostprocessing = 0;
		};
/* End PBXSourcesBuildPhase section */

/* Begin PBXVariantGroup section */
		0A31D39515D926D000EE6A97 /* InfoPlist.strings */ = {
			isa = PBXVariantGroup;
			children = (
				0A31D39615D926D000EE6A97 /* en */,
			);
			name = InfoPlist.strings;
			sourceTree = "<group>";
		};
		0A31D39B15D926D000EE6A97 /* Credits.rtf */ = {
			isa = PBXVariantGroup;
			children = (
				0A31D39C15D926D000EE6A97 /* en */,
			);
			name = Credits.rtf;
			sourceTree = "<group>";
		};
/* End PBXVariantGroup section */

/* Begin XCBuildConfiguration section */
		0A31D3A415D926D000EE6A97 /* Debug */ = {
			isa = XCBuildConfiguration;
			buildSettings = {
				ALWAYS_SEARCH_USER_PATHS = NO;
				ARCHS = "$(ARCHS_STANDARD_64_BIT)";
				CLANG_CXX_LANGUAGE_STANDARD = "gnu++0x";
				CLANG_ENABLE_OBJC_ARC = YES;
				CLANG_WARN__DUPLICATE_METHOD_MATCH = YES;
				COPY_PHASE_STRIP = NO;
				GCC_C_LANGUAGE_STANDARD = gnu99;
				GCC_DYNAMIC_NO_PIC = NO;
				GCC_ENABLE_OBJC_EXCEPTIONS = YES;
				GCC_OPTIMIZATION_LEVEL = 0;
				GCC_PREPROCESSOR_DEFINITIONS = (
					"DEBUG=1",
					"$(inherited)",
				);
				GCC_SYMBOLS_PRIVATE_EXTERN = NO;
				GCC_WARN_64_TO_32_BIT_CONVERSION = YES;
				GCC_WARN_ABOUT_RETURN_TYPE = YES;
				GCC_WARN_UNINITIALIZED_AUTOS = YES;
				GCC_WARN_UNUSED_VARIABLE = YES;
				MACOSX_DEPLOYMENT_TARGET = 10.8;
				ONLY_ACTIVE_ARCH = YES;
				SDKROOT = macosx;
			};
			name = Debug;
		};
		0A31D3A515D926D000EE6A97 /* Release */ = {
			isa = XCBuildConfiguration;
			buildSettings = {
				ALWAYS_SEARCH_USER_PATHS = NO;
				ARCHS = "$(ARCHS_STANDARD_64_BIT)";
				CLANG_CXX_LANGUAGE_STANDARD = "gnu++0x";
				CLANG_ENABLE_OBJC_ARC = YES;
				CLANG_WARN__DUPLICATE_METHOD_MATCH = YES;
				COPY_PHASE_STRIP = YES;
				DEBUG_INFORMATION_FORMAT = "dwarf-with-dsym";
				GCC_C_LANGUAGE_STANDARD = gnu99;
				GCC_ENABLE_OBJC_EXCEPTIONS = YES;
				GCC_WARN_64_TO_32_BIT_CONVERSION = YES;
				GCC_WARN_ABOUT_RETURN_TYPE = YES;
				GCC_WARN_UNINITIALIZED_AUTOS = YES;
				GCC_WARN_UNUSED_VARIABLE = YES;
				MACOSX_DEPLOYMENT_TARGET = 10.8;
				SDKROOT = macosx;
			};
			name = Release;
		};
		0A31D3A715D926D000EE6A97 /* Debug */ = {
			isa = XCBuildConfiguration;
			buildSettings = {
				COMBINE_HIDPI_IMAGES = YES;
				GCC_PRECOMPILE_PREFIX_HEADER = YES;
				GCC_PREFIX_HEADER = "AdditiveBounds/AdditiveBounds-Prefix.pch";
				INFOPLIST_FILE = "AdditiveBounds/AdditiveBounds-Info.plist";
				PRODUCT_NAME = "$(TARGET_NAME)";
				WRAPPER_EXTENSION = app;
			};
			name = Debug;
		};
		0A31D3A815D926D000EE6A97 /* Release */ = {
			isa = XCBuildConfiguration;
			buildSettings = {
				COMBINE_HIDPI_IMAGES = YES;
				GCC_PRECOMPILE_PREFIX_HEADER = YES;
				GCC_PREFIX_HEADER = "AdditiveBounds/AdditiveBounds-Prefix.pch";
				INFOPLIST_FILE = "AdditiveBounds/AdditiveBounds-Info.plist";
				PRODUCT_NAME = "$(TARGET_NAME)";
				WRAPPER_EXTENSION = app;
			};
			name = Release;
		};
/* End XCBuildConfiguration section */

/* Begin XCConfigurationList section */
		0A31D38215D926D000EE6A97 /* Build configuration list for PBXProject "AdditiveBounds" */ = {
			isa = XCConfigurationList;
			buildConfigurations = (
				0A31D3A415D926D000EE6A97 /* Debug */,
				0A31D3A515D926D000EE6A97 /* Release */,
			);
			defaultConfigurationIsVisible = 0;
			defaultConfigurationName = Release;
		};
		0A31D3A615D926D000EE6A97 /* Build configuration list for PBXNativeTarget "AdditiveBounds" */ = {
			isa = XCConfigurationList;
			buildConfigurations = (
				0A31D3A715D926D000EE6A97 /* Debug */,
				0A31D3A815D926D000EE6A97 /* Release */,
			);
			defaultConfigurationIsVisible = 0;
		};
/* End XCConfigurationList section */
	};
	rootObject = 0A31D37F15D926D000EE6A97 /* Project object */;
}
